// !$*UTF8*$!
{
	archiveVersion = 1;
	classes = {
	};
	objectVersion = 55;
	objects = {

/* Begin PBXBuildFile section */
		1CAD86ED27707330001B53EB /* AppDelegate.swift in Sources */ = {isa = PBXBuildFile; fileRef = 1CAD86EC27707330001B53EB /* AppDelegate.swift */; };
		1CAD86EF27707330001B53EB /* SceneDelegate.swift in Sources */ = {isa = PBXBuildFile; fileRef = 1CAD86EE27707330001B53EB /* SceneDelegate.swift */; };
		1CAD86F127707330001B53EB /* HomeController.swift in Sources */ = {isa = PBXBuildFile; fileRef = 1CAD86F027707330001B53EB /* HomeController.swift */; };
		1CAD86F427707330001B53EB /* Main.storyboard in Resources */ = {isa = PBXBuildFile; fileRef = 1CAD86F227707330001B53EB /* Main.storyboard */; };
		1CAD86F627707331001B53EB /* Assets.xcassets in Resources */ = {isa = PBXBuildFile; fileRef = 1CAD86F527707331001B53EB /* Assets.xcassets */; };
		1CAD86F927707331001B53EB /* LaunchScreen.storyboard in Resources */ = {isa = PBXBuildFile; fileRef = 1CAD86F727707331001B53EB /* LaunchScreen.storyboard */; };
		1CAD87022770801E001B53EB /* Extensions+UIView.swift in Sources */ = {isa = PBXBuildFile; fileRef = 1CAD87012770801E001B53EB /* Extensions+UIView.swift */; };
		1CAD870527708CEE001B53EB /* HomeBottomControlsStackView.swift in Sources */ = {isa = PBXBuildFile; fileRef = 1CAD870427708CEE001B53EB /* HomeBottomControlsStackView.swift */; };
		1CAD8707277092EB001B53EB /* TopNavigationStackView.swift in Sources */ = {isa = PBXBuildFile; fileRef = 1CAD8706277092EB001B53EB /* TopNavigationStackView.swift */; };
		1CD40DD32771938B0059FB73 /* CardView.swift in Sources */ = {isa = PBXBuildFile; fileRef = 1CD40DD22771938B0059FB73 /* CardView.swift */; };
		1CD40DD62771B37C0059FB73 /* User.swift in Sources */ = {isa = PBXBuildFile; fileRef = 1CD40DD52771B37C0059FB73 /* User.swift */; };
		1CD40DDA2771CBC50059FB73 /* CardViewModel.swift in Sources */ = {isa = PBXBuildFile; fileRef = 1CD40DD92771CBC50059FB73 /* CardViewModel.swift */; };
		1CD40DDC2771D7ED0059FB73 /* Advertiser.swift in Sources */ = {isa = PBXBuildFile; fileRef = 1CD40DDB2771D7ED0059FB73 /* Advertiser.swift */; };
		1CD91F23277600C700D44F0C /* SettingsController.swift in Sources */ = {isa = PBXBuildFile; fileRef = 1CD91F22277600C700D44F0C /* SettingsController.swift */; };
		1CD91F252776129200D44F0C /* SettingsCell.swift in Sources */ = {isa = PBXBuildFile; fileRef = 1CD91F242776129200D44F0C /* SettingsCell.swift */; };
		1CD91F55277C132700D44F0C /* AgeRangeCell.swift in Sources */ = {isa = PBXBuildFile; fileRef = 1CD91F54277C132700D44F0C /* AgeRangeCell.swift */; };
		1CD91F5D277C44D100D44F0C /* LoginController.swift in Sources */ = {isa = PBXBuildFile; fileRef = 1CD91F5B277C44D100D44F0C /* LoginController.swift */; };
		1CD91F5E277C44D100D44F0C /* LoginViewModel.swift in Sources */ = {isa = PBXBuildFile; fileRef = 1CD91F5C277C44D100D44F0C /* LoginViewModel.swift */; };
		1CD91F61277D8E9200D44F0C /* userDetailsController.swift in Sources */ = {isa = PBXBuildFile; fileRef = 1CD91F60277D8E9200D44F0C /* userDetailsController.swift */; };
		1CD91F63277DB63F00D44F0C /* SwippingPhotosController.swift in Sources */ = {isa = PBXBuildFile; fileRef = 1CD91F62277DB63F00D44F0C /* SwippingPhotosController.swift */; };
		1CE56A7A2772F26500A85806 /* RegistrationController.swift in Sources */ = {isa = PBXBuildFile; fileRef = 1CE56A792772F26500A85806 /* RegistrationController.swift */; };
		1CE56A7C277330DD00A85806 /* CustomTextfield.swift in Sources */ = {isa = PBXBuildFile; fileRef = 1CE56A7B277330DD00A85806 /* CustomTextfield.swift */; };
		1CE56A7E2774228900A85806 /* RegistrationViewModel.swift in Sources */ = {isa = PBXBuildFile; fileRef = 1CE56A7D2774228900A85806 /* RegistrationViewModel.swift */; };
		1CE56AA02774413800A85806 /* GoogleService-Info.plist in Resources */ = {isa = PBXBuildFile; fileRef = 1CE56A9F2774413800A85806 /* GoogleService-Info.plist */; };
		1CE56AA22774691E00A85806 /* Bindable.swift in Sources */ = {isa = PBXBuildFile; fileRef = 1CE56AA12774691E00A85806 /* Bindable.swift */; };
		1CE821522788CD0A0058574C /* MatchView.swift in Sources */ = {isa = PBXBuildFile; fileRef = 1CE821512788CD0A0058574C /* MatchView.swift */; };
		1CE821542788DB610058574C /* SendMessageButton.swift in Sources */ = {isa = PBXBuildFile; fileRef = 1CE821532788DB610058574C /* SendMessageButton.swift */; };
		1CE821562788E0B40058574C /* KeepSwipingButton.swift in Sources */ = {isa = PBXBuildFile; fileRef = 1CE821552788E0B40058574C /* KeepSwipingButton.swift */; };
		DD36C45414D3CB4BB1E577E3 /* Pods_TinderClone.framework in Frameworks */ = {isa = PBXBuildFile; fileRef = 9B7AFB410816C7447F6E00E2 /* Pods_TinderClone.framework */; };
/* End PBXBuildFile section */

/* Begin PBXFileReference section */
		1CAD86E927707330001B53EB /* TinderClone.app */ = {isa = PBXFileReference; explicitFileType = wrapper.application; includeInIndex = 0; path = TinderClone.app; sourceTree = BUILT_PRODUCTS_DIR; };
		1CAD86EC27707330001B53EB /* AppDelegate.swift */ = {isa = PBXFileReference; lastKnownFileType = sourcecode.swift; path = AppDelegate.swift; sourceTree = "<group>"; };
		1CAD86EE27707330001B53EB /* SceneDelegate.swift */ = {isa = PBXFileReference; lastKnownFileType = sourcecode.swift; path = SceneDelegate.swift; sourceTree = "<group>"; };
		1CAD86F027707330001B53EB /* HomeController.swift */ = {isa = PBXFileReference; lastKnownFileType = sourcecode.swift; path = HomeController.swift; sourceTree = "<group>"; };
		1CAD86F327707330001B53EB /* Base */ = {isa = PBXFileReference; lastKnownFileType = file.storyboard; name = Base; path = Base.lproj/Main.storyboard; sourceTree = "<group>"; };
		1CAD86F527707331001B53EB /* Assets.xcassets */ = {isa = PBXFileReference; lastKnownFileType = folder.assetcatalog; path = Assets.xcassets; sourceTree = "<group>"; };
		1CAD86F827707331001B53EB /* Base */ = {isa = PBXFileReference; lastKnownFileType = file.storyboard; name = Base; path = Base.lproj/LaunchScreen.storyboard; sourceTree = "<group>"; };
		1CAD86FA27707331001B53EB /* Info.plist */ = {isa = PBXFileReference; lastKnownFileType = text.plist.xml; path = Info.plist; sourceTree = "<group>"; };
		1CAD87012770801E001B53EB /* Extensions+UIView.swift */ = {isa = PBXFileReference; lastKnownFileType = sourcecode.swift; path = "Extensions+UIView.swift"; sourceTree = "<group>"; };
		1CAD870427708CEE001B53EB /* HomeBottomControlsStackView.swift */ = {isa = PBXFileReference; lastKnownFileType = sourcecode.swift; path = HomeBottomControlsStackView.swift; sourceTree = "<group>"; };
		1CAD8706277092EB001B53EB /* TopNavigationStackView.swift */ = {isa = PBXFileReference; lastKnownFileType = sourcecode.swift; path = TopNavigationStackView.swift; sourceTree = "<group>"; };
		1CD40DD22771938B0059FB73 /* CardView.swift */ = {isa = PBXFileReference; lastKnownFileType = sourcecode.swift; path = CardView.swift; sourceTree = "<group>"; };
		1CD40DD52771B37C0059FB73 /* User.swift */ = {isa = PBXFileReference; lastKnownFileType = sourcecode.swift; path = User.swift; sourceTree = "<group>"; };
		1CD40DD92771CBC50059FB73 /* CardViewModel.swift */ = {isa = PBXFileReference; lastKnownFileType = sourcecode.swift; path = CardViewModel.swift; sourceTree = "<group>"; };
		1CD40DDB2771D7ED0059FB73 /* Advertiser.swift */ = {isa = PBXFileReference; lastKnownFileType = sourcecode.swift; path = Advertiser.swift; sourceTree = "<group>"; };
		1CD91F22277600C700D44F0C /* SettingsController.swift */ = {isa = PBXFileReference; lastKnownFileType = sourcecode.swift; path = SettingsController.swift; sourceTree = "<group>"; };
		1CD91F242776129200D44F0C /* SettingsCell.swift */ = {isa = PBXFileReference; lastKnownFileType = sourcecode.swift; path = SettingsCell.swift; sourceTree = "<group>"; };
		1CD91F54277C132700D44F0C /* AgeRangeCell.swift */ = {isa = PBXFileReference; lastKnownFileType = sourcecode.swift; path = AgeRangeCell.swift; sourceTree = "<group>"; };
		1CD91F5B277C44D100D44F0C /* LoginController.swift */ = {isa = PBXFileReference; fileEncoding = 4; lastKnownFileType = sourcecode.swift; path = LoginController.swift; sourceTree = "<group>"; };
		1CD91F5C277C44D100D44F0C /* LoginViewModel.swift */ = {isa = PBXFileReference; fileEncoding = 4; lastKnownFileType = sourcecode.swift; path = LoginViewModel.swift; sourceTree = "<group>"; };
		1CD91F60277D8E9200D44F0C /* userDetailsController.swift */ = {isa = PBXFileReference; lastKnownFileType = sourcecode.swift; path = userDetailsController.swift; sourceTree = "<group>"; };
		1CD91F62277DB63F00D44F0C /* SwippingPhotosController.swift */ = {isa = PBXFileReference; lastKnownFileType = sourcecode.swift; path = SwippingPhotosController.swift; sourceTree = "<group>"; };
		1CE56A792772F26500A85806 /* RegistrationController.swift */ = {isa = PBXFileReference; lastKnownFileType = sourcecode.swift; path = RegistrationController.swift; sourceTree = "<group>"; };
		1CE56A7B277330DD00A85806 /* CustomTextfield.swift */ = {isa = PBXFileReference; lastKnownFileType = sourcecode.swift; path = CustomTextfield.swift; sourceTree = "<group>"; };
		1CE56A7D2774228900A85806 /* RegistrationViewModel.swift */ = {isa = PBXFileReference; lastKnownFileType = sourcecode.swift; path = RegistrationViewModel.swift; sourceTree = "<group>"; };
		1CE56A9F2774413800A85806 /* GoogleService-Info.plist */ = {isa = PBXFileReference; fileEncoding = 4; lastKnownFileType = text.plist.xml; path = "GoogleService-Info.plist"; sourceTree = "<group>"; };
		1CE56AA12774691E00A85806 /* Bindable.swift */ = {isa = PBXFileReference; lastKnownFileType = sourcecode.swift; path = Bindable.swift; sourceTree = "<group>"; };
		1CE821512788CD0A0058574C /* MatchView.swift */ = {isa = PBXFileReference; lastKnownFileType = sourcecode.swift; path = MatchView.swift; sourceTree = "<group>"; };
		1CE821532788DB610058574C /* SendMessageButton.swift */ = {isa = PBXFileReference; lastKnownFileType = sourcecode.swift; path = SendMessageButton.swift; sourceTree = "<group>"; };
		1CE821552788E0B40058574C /* KeepSwipingButton.swift */ = {isa = PBXFileReference; lastKnownFileType = sourcecode.swift; path = KeepSwipingButton.swift; sourceTree = "<group>"; };
		3FCE06CAB91E34C4F012AAF6 /* Pods-TinderClone.debug.xcconfig */ = {isa = PBXFileReference; includeInIndex = 1; lastKnownFileType = text.xcconfig; name = "Pods-TinderClone.debug.xcconfig"; path = "Target Support Files/Pods-TinderClone/Pods-TinderClone.debug.xcconfig"; sourceTree = "<group>"; };
		64B595DE5978E6671F1AED0C /* Pods-TinderClone.release.xcconfig */ = {isa = PBXFileReference; includeInIndex = 1; lastKnownFileType = text.xcconfig; name = "Pods-TinderClone.release.xcconfig"; path = "Target Support Files/Pods-TinderClone/Pods-TinderClone.release.xcconfig"; sourceTree = "<group>"; };
		9B7AFB410816C7447F6E00E2 /* Pods_TinderClone.framework */ = {isa = PBXFileReference; explicitFileType = wrapper.framework; includeInIndex = 0; path = Pods_TinderClone.framework; sourceTree = BUILT_PRODUCTS_DIR; };
/* End PBXFileReference section */

/* Begin PBXFrameworksBuildPhase section */
		1CAD86E627707330001B53EB /* Frameworks */ = {
			isa = PBXFrameworksBuildPhase;
			buildActionMask = 2147483647;
			files = (
				DD36C45414D3CB4BB1E577E3 /* Pods_TinderClone.framework in Frameworks */,
			);
			runOnlyForDeploymentPostprocessing = 0;
		};
/* End PBXFrameworksBuildPhase section */

/* Begin PBXGroup section */
		059D600F0A75BD4EC3C7A9D7 /* Frameworks */ = {
			isa = PBXGroup;
			children = (
				9B7AFB410816C7447F6E00E2 /* Pods_TinderClone.framework */,
			);
			name = Frameworks;
			sourceTree = "<group>";
		};
		1CAD86E027707330001B53EB = {
			isa = PBXGroup;
			children = (
				1CAD86EB27707330001B53EB /* TinderClone */,
				1CAD86EA27707330001B53EB /* Products */,
				59F8D051F17AE237D144183D /* Pods */,
				059D600F0A75BD4EC3C7A9D7 /* Frameworks */,
			);
			sourceTree = "<group>";
		};
		1CAD86EA27707330001B53EB /* Products */ = {
			isa = PBXGroup;
			children = (
				1CAD86E927707330001B53EB /* TinderClone.app */,
			);
			name = Products;
			sourceTree = "<group>";
		};
		1CAD86EB27707330001B53EB /* TinderClone */ = {
			isa = PBXGroup;
			children = (
				1CD40DD82771CBB70059FB73 /* ViewModel */,
				1CD40DD42771B36D0059FB73 /* Model */,
				1CAD870327708CBE001B53EB /* Views */,
				1CD40DD72771CB210059FB73 /* Controller */,
				1CAD870027707FD0001B53EB /* Extensions */,
				1CAD86EE27707330001B53EB /* SceneDelegate.swift */,
				1CAD86EC27707330001B53EB /* AppDelegate.swift */,
				1CAD86F227707330001B53EB /* Main.storyboard */,
				1CAD86F527707331001B53EB /* Assets.xcassets */,
				1CAD86F727707331001B53EB /* LaunchScreen.storyboard */,
				1CAD86FA27707331001B53EB /* Info.plist */,
				1CE56A9F2774413800A85806 /* GoogleService-Info.plist */,
			);
			path = TinderClone;
			sourceTree = "<group>";
		};
		1CAD870027707FD0001B53EB /* Extensions */ = {
			isa = PBXGroup;
			children = (
				1CAD87012770801E001B53EB /* Extensions+UIView.swift */,
			);
			path = Extensions;
			sourceTree = "<group>";
		};
		1CAD870327708CBE001B53EB /* Views */ = {
			isa = PBXGroup;
			children = (
				1CAD870427708CEE001B53EB /* HomeBottomControlsStackView.swift */,
				1CAD8706277092EB001B53EB /* TopNavigationStackView.swift */,
				1CD40DD22771938B0059FB73 /* CardView.swift */,
				1CE56A7B277330DD00A85806 /* CustomTextfield.swift */,
				1CD91F242776129200D44F0C /* SettingsCell.swift */,
				1CD91F54277C132700D44F0C /* AgeRangeCell.swift */,
				1CE821512788CD0A0058574C /* MatchView.swift */,
				1CE821532788DB610058574C /* SendMessageButton.swift */,
				1CE821552788E0B40058574C /* KeepSwipingButton.swift */,
			);
			path = Views;
			sourceTree = "<group>";
		};
		1CD40DD42771B36D0059FB73 /* Model */ = {
			isa = PBXGroup;
			children = (
				1CD40DD52771B37C0059FB73 /* User.swift */,
				1CD40DDB2771D7ED0059FB73 /* Advertiser.swift */,
			);
			path = Model;
			sourceTree = "<group>";
		};
		1CD40DD72771CB210059FB73 /* Controller */ = {
			isa = PBXGroup;
			children = (
				1CD91F5F277D8E7100D44F0C /* User Details */,
				1CD91F56277C395100D44F0C /* Login */,
				1CAD86F027707330001B53EB /* HomeController.swift */,
				1CE56A792772F26500A85806 /* RegistrationController.swift */,
				1CE56AA12774691E00A85806 /* Bindable.swift */,
				1CD91F22277600C700D44F0C /* SettingsController.swift */,
			);
			path = Controller;
			sourceTree = "<group>";
		};
		1CD40DD82771CBB70059FB73 /* ViewModel */ = {
			isa = PBXGroup;
			children = (
				1CD40DD92771CBC50059FB73 /* CardViewModel.swift */,
				1CE56A7D2774228900A85806 /* RegistrationViewModel.swift */,
			);
			path = ViewModel;
			sourceTree = "<group>";
		};
		1CD91F56277C395100D44F0C /* Login */ = {
			isa = PBXGroup;
			children = (
				1CD91F5B277C44D100D44F0C /* LoginController.swift */,
				1CD91F5C277C44D100D44F0C /* LoginViewModel.swift */,
			);
			path = Login;
			sourceTree = "<group>";
		};
		1CD91F5F277D8E7100D44F0C /* User Details */ = {
			isa = PBXGroup;
			children = (
				1CD91F60277D8E9200D44F0C /* userDetailsController.swift */,
				1CD91F62277DB63F00D44F0C /* SwippingPhotosController.swift */,
			);
			path = "User Details";
			sourceTree = "<group>";
		};
		59F8D051F17AE237D144183D /* Pods */ = {
			isa = PBXGroup;
			children = (
				3FCE06CAB91E34C4F012AAF6 /* Pods-TinderClone.debug.xcconfig */,
				64B595DE5978E6671F1AED0C /* Pods-TinderClone.release.xcconfig */,
			);
			path = Pods;
			sourceTree = "<group>";
		};
/* End PBXGroup section */

/* Begin PBXNativeTarget section */
		1CAD86E827707330001B53EB /* TinderClone */ = {
			isa = PBXNativeTarget;
			buildConfigurationList = 1CAD86FD27707331001B53EB /* Build configuration list for PBXNativeTarget "TinderClone" */;
			buildPhases = (
				A9D9B4B8928BDCF984946FEE /* [CP] Check Pods Manifest.lock */,
				1CAD86E527707330001B53EB /* Sources */,
				1CAD86E627707330001B53EB /* Frameworks */,
				1CAD86E727707330001B53EB /* Resources */,
				007A9AD3A47CE798E1F53303 /* [CP] Embed Pods Frameworks */,
			);
			buildRules = (
			);
			dependencies = (
			);
			name = TinderClone;
			productName = TinderClone;
			productReference = 1CAD86E927707330001B53EB /* TinderClone.app */;
			productType = "com.apple.product-type.application";
		};
/* End PBXNativeTarget section */

/* Begin PBXProject section */
		1CAD86E127707330001B53EB /* Project object */ = {
			isa = PBXProject;
			attributes = {
				BuildIndependentTargetsInParallel = 1;
				LastSwiftUpdateCheck = 1320;
				LastUpgradeCheck = 1320;
				TargetAttributes = {
					1CAD86E827707330001B53EB = {
						CreatedOnToolsVersion = 13.2;
					};
				};
			};
			buildConfigurationList = 1CAD86E427707330001B53EB /* Build configuration list for PBXProject "TinderClone" */;
			compatibilityVersion = "Xcode 13.0";
			developmentRegion = en;
			hasScannedForEncodings = 0;
			knownRegions = (
				en,
				Base,
			);
			mainGroup = 1CAD86E027707330001B53EB;
			productRefGroup = 1CAD86EA27707330001B53EB /* Products */;
			projectDirPath = "";
			projectRoot = "";
			targets = (
				1CAD86E827707330001B53EB /* TinderClone */,
			);
		};
/* End PBXProject section */

/* Begin PBXResourcesBuildPhase section */
		1CAD86E727707330001B53EB /* Resources */ = {
			isa = PBXResourcesBuildPhase;
			buildActionMask = 2147483647;
			files = (
				1CAD86F927707331001B53EB /* LaunchScreen.storyboard in Resources */,
				1CE56AA02774413800A85806 /* GoogleService-Info.plist in Resources */,
				1CAD86F627707331001B53EB /* Assets.xcassets in Resources */,
				1CAD86F427707330001B53EB /* Main.storyboard in Resources */,
			);
			runOnlyForDeploymentPostprocessing = 0;
		};
/* End PBXResourcesBuildPhase section */

/* Begin PBXShellScriptBuildPhase section */
		007A9AD3A47CE798E1F53303 /* [CP] Embed Pods Frameworks */ = {
			isa = PBXShellScriptBuildPhase;
			buildActionMask = 2147483647;
			files = (
			);
			inputFileListPaths = (
				"${PODS_ROOT}/Target Support Files/Pods-TinderClone/Pods-TinderClone-frameworks-${CONFIGURATION}-input-files.xcfilelist",
			);
			name = "[CP] Embed Pods Frameworks";
			outputFileListPaths = (
				"${PODS_ROOT}/Target Support Files/Pods-TinderClone/Pods-TinderClone-frameworks-${CONFIGURATION}-output-files.xcfilelist",
			);
			runOnlyForDeploymentPostprocessing = 0;
			shellPath = /bin/sh;
			shellScript = "\"${PODS_ROOT}/Target Support Files/Pods-TinderClone/Pods-TinderClone-frameworks.sh\"\n";
			showEnvVarsInLog = 0;
		};
		A9D9B4B8928BDCF984946FEE /* [CP] Check Pods Manifest.lock */ = {
			isa = PBXShellScriptBuildPhase;
			buildActionMask = 2147483647;
			files = (
			);
			inputFileListPaths = (
			);
			inputPaths = (
				"${PODS_PODFILE_DIR_PATH}/Podfile.lock",
				"${PODS_ROOT}/Manifest.lock",
			);
			name = "[CP] Check Pods Manifest.lock";
			outputFileListPaths = (
			);
			outputPaths = (
				"$(DERIVED_FILE_DIR)/Pods-TinderClone-checkManifestLockResult.txt",
			);
			runOnlyForDeploymentPostprocessing = 0;
			shellPath = /bin/sh;
			shellScript = "diff \"${PODS_PODFILE_DIR_PATH}/Podfile.lock\" \"${PODS_ROOT}/Manifest.lock\" > /dev/null\nif [ $? != 0 ] ; then\n    # print error to STDERR\n    echo \"error: The sandbox is not in sync with the Podfile.lock. Run 'pod install' or update your CocoaPods installation.\" >&2\n    exit 1\nfi\n# This output is used by Xcode 'outputs' to avoid re-running this script phase.\necho \"SUCCESS\" > \"${SCRIPT_OUTPUT_FILE_0}\"\n";
			showEnvVarsInLog = 0;
		};
/* End PBXShellScriptBuildPhase section */

/* Begin PBXSourcesBuildPhase section */
		1CAD86E527707330001B53EB /* Sources */ = {
			isa = PBXSourcesBuildPhase;
			buildActionMask = 2147483647;
			files = (
				1CD40DDC2771D7ED0059FB73 /* Advertiser.swift in Sources */,
				1CD40DD32771938B0059FB73 /* CardView.swift in Sources */,
				1CAD86F127707330001B53EB /* HomeController.swift in Sources */,
				1CAD86ED27707330001B53EB /* AppDelegate.swift in Sources */,
				1CD91F63277DB63F00D44F0C /* SwippingPhotosController.swift in Sources */,
				1CAD870527708CEE001B53EB /* HomeBottomControlsStackView.swift in Sources */,
				1CD91F55277C132700D44F0C /* AgeRangeCell.swift in Sources */,
				1CD40DDA2771CBC50059FB73 /* CardViewModel.swift in Sources */,
				1CD91F23277600C700D44F0C /* SettingsController.swift in Sources */,
				1CE56A7A2772F26500A85806 /* RegistrationController.swift in Sources */,
				1CE821522788CD0A0058574C /* MatchView.swift in Sources */,
				1CD40DD62771B37C0059FB73 /* User.swift in Sources */,
				1CE56AA22774691E00A85806 /* Bindable.swift in Sources */,
				1CE56A7C277330DD00A85806 /* CustomTextfield.swift in Sources */,
				1CE821542788DB610058574C /* SendMessageButton.swift in Sources */,
				1CE56A7E2774228900A85806 /* RegistrationViewModel.swift in Sources */,
				1CD91F5D277C44D100D44F0C /* LoginController.swift in Sources */,
				1CAD8707277092EB001B53EB /* TopNavigationStackView.swift in Sources */,
				1CAD87022770801E001B53EB /* Extensions+UIView.swift in Sources */,
				1CD91F252776129200D44F0C /* SettingsCell.swift in Sources */,
				1CE821562788E0B40058574C /* KeepSwipingButton.swift in Sources */,
				1CD91F5E277C44D100D44F0C /* LoginViewModel.swift in Sources */,
				1CAD86EF27707330001B53EB /* SceneDelegate.swift in Sources */,
				1CD91F61277D8E9200D44F0C /* userDetailsController.swift in Sources */,
			);
			runOnlyForDeploymentPostprocessing = 0;
		};
/* End PBXSourcesBuildPhase section */

/* Begin PBXVariantGroup section */
		1CAD86F227707330001B53EB /* Main.storyboard */ = {
			isa = PBXVariantGroup;
			children = (
				1CAD86F327707330001B53EB /* Base */,
			);
			name = Main.storyboard;
			sourceTree = "<group>";
		};
		1CAD86F727707331001B53EB /* LaunchScreen.storyboard */ = {
			isa = PBXVariantGroup;
			children = (
				1CAD86F827707331001B53EB /* Base */,
			);
			name = LaunchScreen.storyboard;
			sourceTree = "<group>";
		};
/* End PBXVariantGroup section */

/* Begin XCBuildConfiguration section */
		1CAD86FB27707331001B53EB /* Debug */ = {
			isa = XCBuildConfiguration;
			buildSettings = {
				ALWAYS_SEARCH_USER_PATHS = NO;
				CLANG_ANALYZER_NONNULL = YES;
				CLANG_ANALYZER_NUMBER_OBJECT_CONVERSION = YES_AGGRESSIVE;
				CLANG_CXX_LANGUAGE_STANDARD = "gnu++17";
				CLANG_CXX_LIBRARY = "libc++";
				CLANG_ENABLE_MODULES = YES;
				CLANG_ENABLE_OBJC_ARC = YES;
				CLANG_ENABLE_OBJC_WEAK = YES;
				CLANG_WARN_BLOCK_CAPTURE_AUTORELEASING = YES;
				CLANG_WARN_BOOL_CONVERSION = YES;
				CLANG_WARN_COMMA = YES;
				CLANG_WARN_CONSTANT_CONVERSION = YES;
				CLANG_WARN_DEPRECATED_OBJC_IMPLEMENTATIONS = YES;
				CLANG_WARN_DIRECT_OBJC_ISA_USAGE = YES_ERROR;
				CLANG_WARN_DOCUMENTATION_COMMENTS = YES;
				CLANG_WARN_EMPTY_BODY = YES;
				CLANG_WARN_ENUM_CONVERSION = YES;
				CLANG_WARN_INFINITE_RECURSION = YES;
				CLANG_WARN_INT_CONVERSION = YES;
				CLANG_WARN_NON_LITERAL_NULL_CONVERSION = YES;
				CLANG_WARN_OBJC_IMPLICIT_RETAIN_SELF = YES;
				CLANG_WARN_OBJC_LITERAL_CONVERSION = YES;
				CLANG_WARN_OBJC_ROOT_CLASS = YES_ERROR;
				CLANG_WARN_QUOTED_INCLUDE_IN_FRAMEWORK_HEADER = YES;
				CLANG_WARN_RANGE_LOOP_ANALYSIS = YES;
				CLANG_WARN_STRICT_PROTOTYPES = YES;
				CLANG_WARN_SUSPICIOUS_MOVE = YES;
				CLANG_WARN_UNGUARDED_AVAILABILITY = YES_AGGRESSIVE;
				CLANG_WARN_UNREACHABLE_CODE = YES;
				CLANG_WARN__DUPLICATE_METHOD_MATCH = YES;
				COPY_PHASE_STRIP = NO;
				DEBUG_INFORMATION_FORMAT = dwarf;
				ENABLE_STRICT_OBJC_MSGSEND = YES;
				ENABLE_TESTABILITY = YES;
				GCC_C_LANGUAGE_STANDARD = gnu11;
				GCC_DYNAMIC_NO_PIC = NO;
				GCC_NO_COMMON_BLOCKS = YES;
				GCC_OPTIMIZATION_LEVEL = 0;
				GCC_PREPROCESSOR_DEFINITIONS = (
					"DEBUG=1",
					"$(inherited)",
				);
				GCC_WARN_64_TO_32_BIT_CONVERSION = YES;
				GCC_WARN_ABOUT_RETURN_TYPE = YES_ERROR;
				GCC_WARN_UNDECLARED_SELECTOR = YES;
				GCC_WARN_UNINITIALIZED_AUTOS = YES_AGGRESSIVE;
				GCC_WARN_UNUSED_FUNCTION = YES;
				GCC_WARN_UNUSED_VARIABLE = YES;
				IPHONEOS_DEPLOYMENT_TARGET = 15.2;
				MTL_ENABLE_DEBUG_INFO = INCLUDE_SOURCE;
				MTL_FAST_MATH = YES;
				ONLY_ACTIVE_ARCH = YES;
				SDKROOT = iphoneos;
				SWIFT_ACTIVE_COMPILATION_CONDITIONS = DEBUG;
				SWIFT_OPTIMIZATION_LEVEL = "-Onone";
			};
			name = Debug;
		};
		1CAD86FC27707331001B53EB /* Release */ = {
			isa = XCBuildConfiguration;
			buildSettings = {
				ALWAYS_SEARCH_USER_PATHS = NO;
				CLANG_ANALYZER_NONNULL = YES;
				CLANG_ANALYZER_NUMBER_OBJECT_CONVERSION = YES_AGGRESSIVE;
				CLANG_CXX_LANGUAGE_STANDARD = "gnu++17";
				CLANG_CXX_LIBRARY = "libc++";
				CLANG_ENABLE_MODULES = YES;
				CLANG_ENABLE_OBJC_ARC = YES;
				CLANG_ENABLE_OBJC_WEAK = YES;
				CLANG_WARN_BLOCK_CAPTURE_AUTORELEASING = YES;
				CLANG_WARN_BOOL_CONVERSION = YES;
				CLANG_WARN_COMMA = YES;
				CLANG_WARN_CONSTANT_CONVERSION = YES;
				CLANG_WARN_DEPRECATED_OBJC_IMPLEMENTATIONS = YES;
				CLANG_WARN_DIRECT_OBJC_ISA_USAGE = YES_ERROR;
				CLANG_WARN_DOCUMENTATION_COMMENTS = YES;
				CLANG_WARN_EMPTY_BODY = YES;
				CLANG_WARN_ENUM_CONVERSION = YES;
				CLANG_WARN_INFINITE_RECURSION = YES;
				CLANG_WARN_INT_CONVERSION = YES;
				CLANG_WARN_NON_LITERAL_NULL_CONVERSION = YES;
				CLANG_WARN_OBJC_IMPLICIT_RETAIN_SELF = YES;
				CLANG_WARN_OBJC_LITERAL_CONVERSION = YES;
				CLANG_WARN_OBJC_ROOT_CLASS = YES_ERROR;
				CLANG_WARN_QUOTED_INCLUDE_IN_FRAMEWORK_HEADER = YES;
				CLANG_WARN_RANGE_LOOP_ANALYSIS = YES;
				CLANG_WARN_STRICT_PROTOTYPES = YES;
				CLANG_WARN_SUSPICIOUS_MOVE = YES;
				CLANG_WARN_UNGUARDED_AVAILABILITY = YES_AGGRESSIVE;
				CLANG_WARN_UNREACHABLE_CODE = YES;
				CLANG_WARN__DUPLICATE_METHOD_MATCH = YES;
				COPY_PHASE_STRIP = NO;
				DEBUG_INFORMATION_FORMAT = "dwarf-with-dsym";
				ENABLE_NS_ASSERTIONS = NO;
				ENABLE_STRICT_OBJC_MSGSEND = YES;
				GCC_C_LANGUAGE_STANDARD = gnu11;
				GCC_NO_COMMON_BLOCKS = YES;
				GCC_WARN_64_TO_32_BIT_CONVERSION = YES;
				GCC_WARN_ABOUT_RETURN_TYPE = YES_ERROR;
				GCC_WARN_UNDECLARED_SELECTOR = YES;
				GCC_WARN_UNINITIALIZED_AUTOS = YES_AGGRESSIVE;
				GCC_WARN_UNUSED_FUNCTION = YES;
				GCC_WARN_UNUSED_VARIABLE = YES;
				IPHONEOS_DEPLOYMENT_TARGET = 15.2;
				MTL_ENABLE_DEBUG_INFO = NO;
				MTL_FAST_MATH = YES;
				SDKROOT = iphoneos;
				SWIFT_COMPILATION_MODE = wholemodule;
				SWIFT_OPTIMIZATION_LEVEL = "-O";
				VALIDATE_PRODUCT = YES;
			};
			name = Release;
		};
		1CAD86FE27707331001B53EB /* Debug */ = {
			isa = XCBuildConfiguration;
			baseConfigurationReference = 3FCE06CAB91E34C4F012AAF6 /* Pods-TinderClone.debug.xcconfig */;
			buildSettings = {
				ASSETCATALOG_COMPILER_APPICON_NAME = AppIcon;
				ASSETCATALOG_COMPILER_GLOBAL_ACCENT_COLOR_NAME = AccentColor;
				CODE_SIGN_STYLE = Automatic;
				CURRENT_PROJECT_VERSION = 1;
				GENERATE_INFOPLIST_FILE = YES;
				INFOPLIST_FILE = TinderClone/Info.plist;
				INFOPLIST_KEY_UIApplicationSupportsIndirectInputEvents = YES;
				INFOPLIST_KEY_UILaunchStoryboardName = LaunchScreen;
				INFOPLIST_KEY_UIMainStoryboardFile = Main;
				INFOPLIST_KEY_UISupportedInterfaceOrientations_iPad = "UIInterfaceOrientationPortrait UIInterfaceOrientationPortraitUpsideDown UIInterfaceOrientationLandscapeLeft UIInterfaceOrientationLandscapeRight";
				INFOPLIST_KEY_UISupportedInterfaceOrientations_iPhone = "UIInterfaceOrientationPortrait UIInterfaceOrientationLandscapeLeft UIInterfaceOrientationLandscapeRight";
				LD_RUNPATH_SEARCH_PATHS = (
					"$(inherited)",
					"@executable_path/Frameworks",
				);
				MARKETING_VERSION = 1.0;
				PRODUCT_BUNDLE_IDENTIFIER = anOrg.TinderClone;
				PRODUCT_NAME = "$(TARGET_NAME)";
				SWIFT_EMIT_LOC_STRINGS = YES;
				SWIFT_VERSION = 5.0;
				TARGETED_DEVICE_FAMILY = "1,2";
			};
			name = Debug;
		};
		1CAD86FF27707331001B53EB /* Release */ = {
			isa = XCBuildConfiguration;
			baseConfigurationReference = 64B595DE5978E6671F1AED0C /* Pods-TinderClone.release.xcconfig */;
			buildSettings = {
				ASSETCATALOG_COMPILER_APPICON_NAME = AppIcon;
				ASSETCATALOG_COMPILER_GLOBAL_ACCENT_COLOR_NAME = AccentColor;
				CODE_SIGN_STYLE = Automatic;
				CURRENT_PROJECT_VERSION = 1;
				GENERATE_INFOPLIST_FILE = YES;
				INFOPLIST_FILE = TinderClone/Info.plist;
				INFOPLIST_KEY_UIApplicationSupportsIndirectInputEvents = YES;
				INFOPLIST_KEY_UILaunchStoryboardName = LaunchScreen;
				INFOPLIST_KEY_UIMainStoryboardFile = Main;
				INFOPLIST_KEY_UISupportedInterfaceOrientations_iPad = "UIInterfaceOrientationPortrait UIInterfaceOrientationPortraitUpsideDown UIInterfaceOrientationLandscapeLeft UIInterfaceOrientationLandscapeRight";
				INFOPLIST_KEY_UISupportedInterfaceOrientations_iPhone = "UIInterfaceOrientationPortrait UIInterfaceOrientationLandscapeLeft UIInterfaceOrientationLandscapeRight";
				LD_RUNPATH_SEARCH_PATHS = (
					"$(inherited)",
					"@executable_path/Frameworks",
				);
				MARKETING_VERSION = 1.0;
				PRODUCT_BUNDLE_IDENTIFIER = anOrg.TinderClone;
				PRODUCT_NAME = "$(TARGET_NAME)";
				SWIFT_EMIT_LOC_STRINGS = YES;
				SWIFT_VERSION = 5.0;
				TARGETED_DEVICE_FAMILY = "1,2";
			};
			name = Release;
		};
/* End XCBuildConfiguration section */

/* Begin XCConfigurationList section */
		1CAD86E427707330001B53EB /* Build configuration list for PBXProject "TinderClone" */ = {
			isa = XCConfigurationList;
			buildConfigurations = (
				1CAD86FB27707331001B53EB /* Debug */,
				1CAD86FC27707331001B53EB /* Release */,
			);
			defaultConfigurationIsVisible = 0;
			defaultConfigurationName = Release;
		};
		1CAD86FD27707331001B53EB /* Build configuration list for PBXNativeTarget "TinderClone" */ = {
			isa = XCConfigurationList;
			buildConfigurations = (
				1CAD86FE27707331001B53EB /* Debug */,
				1CAD86FF27707331001B53EB /* Release */,
			);
			defaultConfigurationIsVisible = 0;
			defaultConfigurationName = Release;
		};
/* End XCConfigurationList section */
	};
	rootObject = 1CAD86E127707330001B53EB /* Project object */;
}
